
Microsoft Visual Studio Solution File, Format Version 12.00
# Visual Studio Version 17
VisualStudioVersion = 17.0.31903.59
MinimumVisualStudioVersion = 10.0.40219.1
Project("{2150E333-8FDC-42A3-9474-1A3956D46DE8}") = "src", "src", "{827E0CD3-B72D-47B6-A68D-7590B98EB39B}"
EndProject
Project("{FAE04EC0-301F-11D3-BF4B-00C04F79EFBC}") = "AV1Studio", "src\AV1Studio\AV1Studio.csproj", "{CB815FE5-05B2-4D9F-ADB1-79D35BE105B8}"
EndProject
Project("{2150E333-8FDC-42A3-9474-1A3956D46DE8}") = "tests", "tests", "{0AB3BF05-4346-4AA6-1389-037BE0695223}"
EndProject
Project("{FAE04EC0-301F-11D3-BF4B-00C04F79EFBC}") = "AV1Studio.Tests", "tests\AV1Studio.Tests\AV1Studio.Tests.csproj", "{A3B494E5-AB0D-4B50-BDEF-A8072EE68717}"
EndProject
Global
	GlobalSection(SolutionConfigurationPlatforms) = preSolution
		Debug|Any CPU = Debug|Any CPU
		Debug|x64 = Debug|x64
		Debug|x86 = Debug|x86
		Release|Any CPU = Release|Any CPU
		Release|x64 = Release|x64
		Release|x86 = Release|x86
	EndGlobalSection
	GlobalSection(ProjectConfigurationPlatforms) = postSolution
		{CB815FE5-05B2-4D9F-ADB1-79D35BE105B8}.Debug|Any CPU.ActiveCfg = Debug|Any CPU
		{CB815FE5-05B2-4D9F-ADB1-79D35BE105B8}.Debug|Any CPU.Build.0 = Debug|Any CPU
		{CB815FE5-05B2-4D9F-ADB1-79D35BE105B8}.Debug|x64.ActiveCfg = Debug|Any CPU
		{CB815FE5-05B2-4D9F-ADB1-79D35BE105B8}.Debug|x64.Build.0 = Debug|Any CPU
		{CB815FE5-05B2-4D9F-ADB1-79D35BE105B8}.Debug|x86.ActiveCfg = Debug|Any CPU
		{CB815FE5-05B2-4D9F-ADB1-79D35BE105B8}.Debug|x86.Build.0 = Debug|Any CPU
		{CB815FE5-05B2-4D9F-ADB1-79D35BE105B8}.Release|Any CPU.ActiveCfg = Release|Any CPU
		{CB815FE5-05B2-4D9F-ADB1-79D35BE105B8}.Release|Any CPU.Build.0 = Release|Any CPU
		{CB815FE5-05B2-4D9F-ADB1-79D35BE105B8}.Release|x64.ActiveCfg = Release|Any CPU
		{CB815FE5-05B2-4D9F-ADB1-79D35BE105B8}.Release|x64.Build.0 = Release|Any CPU
		{CB815FE5-05B2-4D9F-ADB1-79D35BE105B8}.Release|x86.ActiveCfg = Release|Any CPU
		{CB815FE5-05B2-4D9F-ADB1-79D35BE105B8}.Release|x86.Build.0 = Release|Any CPU
		{A3B494E5-AB0D-4B50-BDEF-A8072EE68717}.Debug|Any CPU.ActiveCfg = Debug|Any CPU
		{A3B494E5-AB0D-4B50-BDEF-A8072EE68717}.Debug|Any CPU.Build.0 = Debug|Any CPU
		{A3B494E5-AB0D-4B50-BDEF-A8072EE68717}.Debug|x64.ActiveCfg = Debug|Any CPU
		{A3B494E5-AB0D-4B50-BDEF-A8072EE68717}.Debug|x64.Build.0 = Debug|Any CPU
		{A3B494E5-AB0D-4B50-BDEF-A8072EE68717}.Debug|x86.ActiveCfg = Debug|Any CPU
		{A3B494E5-AB0D-4B50-BDEF-A8072EE68717}.Debug|x86.Build.0 = Debug|Any CPU
		{A3B494E5-AB0D-4B50-BDEF-A8072EE68717}.Release|Any CPU.ActiveCfg = Release|Any CPU
		{A3B494E5-AB0D-4B50-BDEF-A8072EE68717}.Release|Any CPU.Build.0 = Release|Any CPU
		{A3B494E5-AB0D-4B50-BDEF-A8072EE68717}.Release|x64.ActiveCfg = Release|Any CPU
		{A3B494E5-AB0D-4B50-BDEF-A8072EE68717}.Release|x64.Build.0 = Release|Any CPU
		{A3B494E5-AB0D-4B50-BDEF-A8072EE68717}.Release|x86.ActiveCfg = Release|Any CPU
		{A3B494E5-AB0D-4B50-BDEF-A8072EE68717}.Release|x86.Build.0 = Release|Any CPU
	EndGlobalSection
	GlobalSection(SolutionProperties) = preSolution
		HideSolutionNode = FALSE
	EndGlobalSection
	GlobalSection(NestedProjects) = preSolution
		{CB815FE5-05B2-4D9F-ADB1-79D35BE105B8} = {827E0CD3-B72D-47B6-A68D-7590B98EB39B}
		{A3B494E5-AB0D-4B50-BDEF-A8072EE68717} = {0AB3BF05-4346-4AA6-1389-037BE0695223}
	EndGlobalSection
EndGlobal
